<?xml version="1.0" encoding="utf-8"?>
<Project ToolsVersion="4.0" xmlns="http://schemas.microsoft.com/developer/msbuild/2003">
  <ItemGroup>
    <Filter Include="Kngine">
      <UniqueIdentifier>{A1BBD2BE-8D5D-FD94-7618-11E9625984E5}</UniqueIdentifier>
    </Filter>
    <Filter Include="Kngine\Event">
      <UniqueIdentifier>{B2B1D8BA-9E14-685F-479A-A01533DC33E2}</UniqueIdentifier>
    </Filter>
  </ItemGroup>
  <ItemGroup>
    <ClInclude Include="src\Kngine.h" />
    <ClInclude Include="src\Kngine\Application.h">
      <Filter>Kngine</Filter>
    </ClInclude>
    <ClInclude Include="src\Kngine\Core.h">
      <Filter>Kngine</Filter>
    </ClInclude>
    <ClInclude Include="src\Kngine\EntryPoint.h">
      <Filter>Kngine</Filter>
    </ClInclude>
    <ClInclude Include="src\Kngine\Event\Event.h">
      <Filter>Kngine\Event</Filter>
    </ClInclude>
    <ClInclude Include="src\Kngine\Event\KeyEvent.h">
      <Filter>Kngine\Event</Filter>
    </ClInclude>
    <ClInclude Include="src\Kngine\Log.h">
      <Filter>Kngine</Filter>
    </ClInclude>
  </ItemGroup>
  <ItemGroup>
    <ClCompile Include="src\Kngine\Application.cpp">
      <Filter>Kngine</Filter>
    </ClCompile>
    <ClCompile Include="src\Kngine\Log.cpp">
      <Filter>Kngine</Filter>
    </ClCompile>
  </ItemGroup>
</Project>